{
  "name": "PW_Practicas",
  "lockfileVersion": 3,
  "requires": true,
  "packages": {
    "": {
      "dependencies": {
        "dotenv": "^16.0.3",
        "faker": "^6.6.6",
        "mongodb": "^5.3.0",
        "mongoose": "^7.0.4",
        "rnameg": "^1.0.3"
      }
    },
    "node_modules/@types/node": {
      "version": "18.15.11",
      "resolved": "https://registry.npmjs.org/@types/node/-/node-18.15.11.tgz",
      "integrity": "sha512-E5Kwq2n4SbMzQOn6wnmBjuK9ouqlURrcZDVfbo9ftDDTFt3nk7ZKK4GMOzoYgnpQJKcxwQw+lGaBvvlMo0qN/Q=="
    },
    "node_modules/@types/webidl-conversions": {
      "version": "7.0.0",
      "resolved": "https://registry.npmjs.org/@types/webidl-conversions/-/webidl-conversions-7.0.0.tgz",
      "integrity": "sha512-xTE1E+YF4aWPJJeUzaZI5DRntlkY3+BCVJi0axFptnjGmAoWxkyREIh/XMrfxVLejwQxMCfDXdICo0VLxThrog=="
    },
    "node_modules/@types/whatwg-url": {
      "version": "8.2.2",
      "resolved": "https://registry.npmjs.org/@types/whatwg-url/-/whatwg-url-8.2.2.tgz",
      "integrity": "sha512-FtQu10RWgn3D9U4aazdwIE2yzphmTJREDqNdODHrbrZmmMqI0vMheC/6NE/J1Yveaj8H+ela+YwWTjq5PGmuhA==",
      "dependencies": {
        "@types/node": "*",
        "@types/webidl-conversions": "*"
      }
    },
    "node_modules/assertion-error": {
      "version": "1.1.0",
      "resolved": "https://registry.npmjs.org/assertion-error/-/assertion-error-1.1.0.tgz",
      "integrity": "sha512-jgsaNduz+ndvGyFt3uSuWqvy4lCnIJiovtouQN5JZHOKCS2QuhEdbcQHFhVksz2N2U9hXJo8odG7ETyWlEeuDw==",
      "engines": {
        "node": "*"
      }
    },
    "node_modules/balanced-match": {
      "version": "1.0.2",
      "resolved": "https://registry.npmjs.org/balanced-match/-/balanced-match-1.0.2.tgz",
      "integrity": "sha512-3oSeUO0TMV67hN1AmbXsK4yaqU7tjiHlbxRDZOpH0KW9+CeX4bRAaX0Anxt0tx2MrpRpWwQaPwIlISEJhYU5Pw=="
    },
    "node_modules/brace-expansion": {
      "version": "1.1.11",
      "resolved": "https://registry.npmjs.org/brace-expansion/-/brace-expansion-1.1.11.tgz",
      "integrity": "sha512-iCuPHDFgrHX7H2vEI/5xpz07zSHB00TpugqhmYtVmMO6518mCuRMoOYFldEBl0g187ufozdaHgWKcYFb61qGiA==",
      "dependencies": {
        "balanced-match": "^1.0.0",
        "concat-map": "0.0.1"
      }
    },
    "node_modules/browser-stdout": {
      "version": "1.3.0",
      "resolved": "https://registry.npmjs.org/browser-stdout/-/browser-stdout-1.3.0.tgz",
      "integrity": "sha512-7Rfk377tpSM9TWBEeHs0FlDZGoAIei2V/4MdZJoFMBFAK6BqLpxAIUepGRHGdPFgGsLb02PXovC4qddyHvQqTg=="
    },
    "node_modules/bson": {
      "version": "5.2.0",
      "resolved": "https://registry.npmjs.org/bson/-/bson-5.2.0.tgz",
      "integrity": "sha512-HevkSpDbpUfsrHWmWiAsNavANKYIErV2ePXllp1bwq5CDreAaFVj6RVlZpJnxK4WWDCJ/5jMUpaY6G526q3Hjg==",
      "engines": {
        "node": ">=14.20.1"
      }
    },
    "node_modules/chai": {
      "version": "3.5.0",
      "resolved": "https://registry.npmjs.org/chai/-/chai-3.5.0.tgz",
      "integrity": "sha512-eRYY0vPS2a9zt5w5Z0aCeWbrXTEyvk7u/Xf71EzNObrjSCPgMm1Nku/D/u2tiqHBX5j40wWhj54YJLtgn8g55A==",
      "dependencies": {
        "assertion-error": "^1.0.1",
        "deep-eql": "^0.1.3",
        "type-detect": "^1.0.0"
      },
      "engines": {
        "node": ">= 0.4.0"
      }
    },
    "node_modules/commander": {
      "version": "2.9.0",
      "resolved": "https://registry.npmjs.org/commander/-/commander-2.9.0.tgz",
      "integrity": "sha512-bmkUukX8wAOjHdN26xj5c4ctEV22TQ7dQYhSmuckKhToXrkUn0iIaolHdIxYYqD55nhpSPA9zPQ1yP57GdXP2A==",
      "dependencies": {
        "graceful-readlink": ">= 1.0.0"
      },
      "engines": {
        "node": ">= 0.6.x"
      }
    },
    "node_modules/concat-map": {
      "version": "0.0.1",
      "resolved": "https://registry.npmjs.org/concat-map/-/concat-map-0.0.1.tgz",
      "integrity": "sha512-/Srv4dswyQNBfohGpz9o6Yb3Gz3SrUDqBH5rTuhGR7ahtlbYKnVxw2bCFMRljaA7EXHaXZ8wsHdodFvbkhKmqg=="
    },
    "node_modules/debug": {
      "version": "4.3.4",
      "resolved": "https://registry.npmjs.org/debug/-/debug-4.3.4.tgz",
      "integrity": "sha512-PRWFHuSU3eDtQJPvnNY7Jcket1j0t5OuOsFzPPzsekD52Zl8qUfFIPEiswXqIvHWGVHOgX+7G/vCNNhehwxfkQ==",
      "dependencies": {
        "ms": "2.1.2"
      },
      "engines": {
        "node": ">=6.0"
      },
      "peerDependenciesMeta": {
        "supports-color": {
          "optional": true
        }
      }
    },
    "node_modules/debug/node_modules/ms": {
      "version": "2.1.2",
      "resolved": "https://registry.npmjs.org/ms/-/ms-2.1.2.tgz",
      "integrity": "sha512-sGkPx+VjMtmA6MX27oA4FBFELFCZZ4S4XqeGOXCv68tT+jb3vk/RyaKWP0PTKyWtmLSM0b+adUTEvbs1PEaH2w=="
    },
    "node_modules/deep-eql": {
      "version": "0.1.3",
      "resolved": "https://registry.npmjs.org/deep-eql/-/deep-eql-0.1.3.tgz",
      "integrity": "sha512-6sEotTRGBFiNcqVoeHwnfopbSpi5NbH1VWJmYCVkmxMmaVTT0bUTrNaGyBwhgP4MZL012W/mkzIn3Da+iDYweg==",
      "dependencies": {
        "type-detect": "0.1.1"
      },
      "engines": {
        "node": "*"
      }
    },
    "node_modules/deep-eql/node_modules/type-detect": {
      "version": "0.1.1",
      "resolved": "https://registry.npmjs.org/type-detect/-/type-detect-0.1.1.tgz",
      "integrity": "sha512-5rqszGVwYgBoDkIm2oUtvkfZMQ0vk29iDMU0W2qCa3rG0vPDNczCMT4hV/bLBgLg8k8ri6+u3Zbt+S/14eMzlA==",
      "engines": {
        "node": "*"
      }
    },
    "node_modules/diff": {
      "version": "3.2.0",
      "resolved": "https://registry.npmjs.org/diff/-/diff-3.2.0.tgz",
      "integrity": "sha512-597ykPFhtJYaXqPq6fF7Vl1fXTKgPdLOntyxpmdzUOKiYGqK7zcnbplj5088+8qJnWdzXhyeau5iVr8HVo9dgg==",
      "engines": {
        "node": ">=0.3.1"
      }
    },
    "node_modules/dotenv": {
      "version": "16.0.3",
      "resolved": "https://registry.npmjs.org/dotenv/-/dotenv-16.0.3.tgz",
      "integrity": "sha512-7GO6HghkA5fYG9TYnNxi14/7K9f5occMlp3zXAuSxn7CKCxt9xbNWG7yF8hTCSUchlfWSe3uLmlPfigevRItzQ==",
      "engines": {
        "node": ">=12"
      }
    },
    "node_modules/escape-string-regexp": {
      "version": "1.0.5",
      "resolved": "https://registry.npmjs.org/escape-string-regexp/-/escape-string-regexp-1.0.5.tgz",
      "integrity": "sha512-vbRorB5FUQWvla16U8R/qgaFIya2qGzwDrNmCZuYKrbdSUMG6I1ZCGQRefkRVhuOkIGVne7BQ35DSfo1qvJqFg==",
      "engines": {
        "node": ">=0.8.0"
      }
    },
    "node_modules/faker": {
      "version": "6.6.6",
      "resolved": "https://registry.npmjs.org/faker/-/faker-6.6.6.tgz",
      "integrity": "sha512-9tCqYEDHI5RYFQigXFwF1hnCwcWCOJl/hmll0lr5D2Ljjb0o4wphb69wikeJDz5qCEzXCoPvG6ss5SDP6IfOdg=="
    },
    "node_modules/fs.realpath": {
      "version": "1.0.0",
      "resolved": "https://registry.npmjs.org/fs.realpath/-/fs.realpath-1.0.0.tgz",
      "integrity": "sha512-OO0pH2lK6a0hZnAdau5ItzHPI6pUlvI7jMVnxUQRtw4owF2wk8lOSabtGDCTP4Ggrg2MbGnWO9X8K1t4+fGMDw=="
    },
    "node_modules/glob": {
      "version": "7.1.1",
      "resolved": "https://registry.npmjs.org/glob/-/glob-7.1.1.tgz",
      "integrity": "sha512-mRyN/EsN2SyNhKWykF3eEGhDpeNplMWaW18Bmh76tnOqk5TbELAVwFAYOCmKVssOYFrYvvLMguiA+NXO3ZTuVA==",
      "dependencies": {
        "fs.realpath": "^1.0.0",
        "inflight": "^1.0.4",
        "inherits": "2",
        "minimatch": "^3.0.2",
        "once": "^1.3.0",
        "path-is-absolute": "^1.0.0"
      },
      "engines": {
        "node": "*"
      }
    },
    "node_modules/graceful-readlink": {
      "version": "1.0.1",
      "resolved": "https://registry.npmjs.org/graceful-readlink/-/graceful-readlink-1.0.1.tgz",
      "integrity": "sha512-8tLu60LgxF6XpdbK8OW3FA+IfTNBn1ZHGHKF4KQbEeSkajYw5PlYJcKluntgegDPTg8UkHjpet1T82vk6TQ68w=="
    },
    "node_modules/growl": {
      "version": "1.9.2",
      "resolved": "https://registry.npmjs.org/growl/-/growl-1.9.2.tgz",
      "integrity": "sha512-RTBwDHhNuOx4F0hqzItc/siXCasGfC4DeWcBamclWd+6jWtBaeB/SGbMkGf0eiQoW7ib8JpvOgnUsmgMHI3Mfw=="
    },
    "node_modules/has-flag": {
      "version": "1.0.0",
      "resolved": "https://registry.npmjs.org/has-flag/-/has-flag-1.0.0.tgz",
      "integrity": "sha512-DyYHfIYwAJmjAjSSPKANxI8bFY9YtFrgkAfinBojQ8YJTOuOuav64tMUJv584SES4xl74PmuaevIyaLESHdTAA==",
      "engines": {
        "node": ">=0.10.0"
      }
    },
    "node_modules/he": {
      "version": "1.1.1",
      "resolved": "https://registry.npmjs.org/he/-/he-1.1.1.tgz",
      "integrity": "sha512-z/GDPjlRMNOa2XJiB4em8wJpuuBfrFOlYKTZxtpkdr1uPdibHI8rYA3MY0KDObpVyaes0e/aunid/t88ZI2EKA==",
      "bin": {
        "he": "bin/he"
      }
    },
    "node_modules/inflight": {
      "version": "1.0.6",
      "resolved": "https://registry.npmjs.org/inflight/-/inflight-1.0.6.tgz",
      "integrity": "sha512-k92I/b08q4wvFscXCLvqfsHCrjrF7yiXsQuIVvVE7N82W3+aqpzuUdBbfhWcy/FZR3/4IgflMgKLOsvPDrGCJA==",
      "dependencies": {
        "once": "^1.3.0",
        "wrappy": "1"
      }
    },
    "node_modules/inherits": {
      "version": "2.0.4",
      "resolved": "https://registry.npmjs.org/inherits/-/inherits-2.0.4.tgz",
      "integrity": "sha512-k/vGaX4/Yla3WzyMCvTQOXYeIHvqOKtnqBduzTHpzpQZzAskKMhZ2K+EnBiSM9zGSoIFeMpXKxa4dYeZIQqewQ=="
    },
    "node_modules/ip": {
      "version": "2.0.0",
      "resolved": "https://registry.npmjs.org/ip/-/ip-2.0.0.tgz",
      "integrity": "sha512-WKa+XuLG1A1R0UWhl2+1XQSi+fZWMsYKffMZTTYsiZaUD8k2yDAj5atimTUD2TZkyCkNEeYE5NhFZmupOGtjYQ=="
    },
    "node_modules/json3": {
      "version": "3.3.2",
      "resolved": "https://registry.npmjs.org/json3/-/json3-3.3.2.tgz",
      "integrity": "sha512-I5YLeauH3rIaE99EE++UeH2M2gSYo8/2TqDac7oZEH6D/DSQ4Woa628Qrfj1X9/OY5Mk5VvIDQaKCDchXaKrmA==",
      "deprecated": "Please use the native JSON object instead of JSON 3"
    },
    "node_modules/kareem": {
      "version": "2.5.1",
      "resolved": "https://registry.npmjs.org/kareem/-/kareem-2.5.1.tgz",
      "integrity": "sha512-7jFxRVm+jD+rkq3kY0iZDJfsO2/t4BBPeEb2qKn2lR/9KhuksYk5hxzfRYWMPV8P/x2d0kHD306YyWLzjjH+uA==",
      "engines": {
        "node": ">=12.0.0"
      }
    },
    "node_modules/lodash._baseassign": {
      "version": "3.2.0",
      "resolved": "https://registry.npmjs.org/lodash._baseassign/-/lodash._baseassign-3.2.0.tgz",
      "integrity": "sha512-t3N26QR2IdSN+gqSy9Ds9pBu/J1EAFEshKlUHpJG3rvyJOYgcELIxcIeKKfZk7sjOz11cFfzJRsyFry/JyabJQ==",
      "dependencies": {
        "lodash._basecopy": "^3.0.0",
        "lodash.keys": "^3.0.0"
      }
    },
    "node_modules/lodash._basecopy": {
      "version": "3.0.1",
      "resolved": "https://registry.npmjs.org/lodash._basecopy/-/lodash._basecopy-3.0.1.tgz",
      "integrity": "sha512-rFR6Vpm4HeCK1WPGvjZSJ+7yik8d8PVUdCJx5rT2pogG4Ve/2ZS7kfmO5l5T2o5V2mqlNIfSF5MZlr1+xOoYQQ=="
    },
    "node_modules/lodash._basecreate": {
      "version": "3.0.3",
      "resolved": "https://registry.npmjs.org/lodash._basecreate/-/lodash._basecreate-3.0.3.tgz",
      "integrity": "sha512-EDem6C9iQpn7fxnGdmhXmqYGjCkStmDXT4AeyB2Ph8WKbglg4aJZczNkQglj+zWXcOEEkViK8THuV2JvugW47g=="
    },
    "node_modules/lodash._getnative": {
      "version": "3.9.1",
      "resolved": "https://registry.npmjs.org/lodash._getnative/-/lodash._getnative-3.9.1.tgz",
      "integrity": "sha512-RrL9VxMEPyDMHOd9uFbvMe8X55X16/cGM5IgOKgRElQZutpX89iS6vwl64duTV1/16w5JY7tuFNXqoekmh1EmA=="
    },
    "node_modules/lodash._isiterateecall": {
      "version": "3.0.9",
      "resolved": "https://registry.npmjs.org/lodash._isiterateecall/-/lodash._isiterateecall-3.0.9.tgz",
      "integrity": "sha512-De+ZbrMu6eThFti/CSzhRvTKMgQToLxbij58LMfM8JnYDNSOjkjTCIaa8ixglOeGh2nyPlakbt5bJWJ7gvpYlQ=="
    },
    "node_modules/lodash.create": {
      "version": "3.1.1",
      "resolved": "https://registry.npmjs.org/lodash.create/-/lodash.create-3.1.1.tgz",
      "integrity": "sha512-IUfOYwDEbI8JbhW6psW+Ig01BOVK67dTSCUAbS58M0HBkPcAv/jHuxD+oJVP2tUCo3H9L6f/8GM6rxwY+oc7/w==",
      "dependencies": {
        "lodash._baseassign": "^3.0.0",
        "lodash._basecreate": "^3.0.0",
        "lodash._isiterateecall": "^3.0.0"
      }
    },
    "node_modules/lodash.isarguments": {
      "version": "3.1.0",
      "resolved": "https://registry.npmjs.org/lodash.isarguments/-/lodash.isarguments-3.1.0.tgz",
      "integrity": "sha512-chi4NHZlZqZD18a0imDHnZPrDeBbTtVN7GXMwuGdRH9qotxAjYs3aVLKc7zNOG9eddR5Ksd8rvFEBc9SsggPpg=="
    },
    "node_modules/lodash.isarray": {
      "version": "3.0.4",
      "resolved": "https://registry.npmjs.org/lodash.isarray/-/lodash.isarray-3.0.4.tgz",
      "integrity": "sha512-JwObCrNJuT0Nnbuecmqr5DgtuBppuCvGD9lxjFpAzwnVtdGoDQ1zig+5W8k5/6Gcn0gZ3936HDAlGd28i7sOGQ=="
    },
    "node_modules/lodash.keys": {
      "version": "3.1.2",
      "resolved": "https://registry.npmjs.org/lodash.keys/-/lodash.keys-3.1.2.tgz",
      "integrity": "sha512-CuBsapFjcubOGMn3VD+24HOAPxM79tH+V6ivJL3CHYjtrawauDJHUk//Yew9Hvc6e9rbCrURGk8z6PC+8WJBfQ==",
      "dependencies": {
        "lodash._getnative": "^3.0.0",
        "lodash.isarguments": "^3.0.0",
        "lodash.isarray": "^3.0.0"
      }
    },
    "node_modules/memory-pager": {
      "version": "1.5.0",
      "resolved": "https://registry.npmjs.org/memory-pager/-/memory-pager-1.5.0.tgz",
      "integrity": "sha512-ZS4Bp4r/Zoeq6+NLJpP+0Zzm0pR8whtGPf1XExKLJBAczGMnSi3It14OiNCStjQjM6NU1okjQGSxgEZN8eBYKg==",
      "optional": true
    },
    "node_modules/minimatch": {
      "version": "3.1.2",
      "resolved": "https://registry.npmjs.org/minimatch/-/minimatch-3.1.2.tgz",
      "integrity": "sha512-J7p63hRiAjw1NDEww1W7i37+ByIrOWO5XQQAzZ3VOcL0PNybwpfmV/N05zFAzwQ9USyEcX6t3UO+K5aqBQOIHw==",
      "dependencies": {
        "brace-expansion": "^1.1.7"
      },
      "engines": {
        "node": "*"
      }
    },
    "node_modules/minimist": {
      "version": "0.0.8",
      "resolved": "https://registry.npmjs.org/minimist/-/minimist-0.0.8.tgz",
      "integrity": "sha512-miQKw5Hv4NS1Psg2517mV4e4dYNaO3++hjAvLOAzKqZ61rH8NS1SK+vbfBWZ5PY/Me/bEWhUwqMghEW5Fb9T7Q=="
    },
    "node_modules/mkdirp": {
      "version": "0.5.1",
      "resolved": "https://registry.npmjs.org/mkdirp/-/mkdirp-0.5.1.tgz",
      "integrity": "sha512-SknJC52obPfGQPnjIkXbmA6+5H15E+fR+E4iR2oQ3zzCLbd7/ONua69R/Gw7AgkTLsRG+r5fzksYwWe1AgTyWA==",
      "deprecated": "Legacy versions of mkdirp are no longer supported. Please update to mkdirp 1.x. (Note that the API surface has changed to use Promises in 1.x.)",
      "dependencies": {
        "minimist": "0.0.8"
      },
      "bin": {
        "mkdirp": "bin/cmd.js"
      }
    },
    "node_modules/mocha": {
      "version": "3.5.3",
      "resolved": "https://registry.npmjs.org/mocha/-/mocha-3.5.3.tgz",
      "integrity": "sha512-/6na001MJWEtYxHOV1WLfsmR4YIynkUEhBwzsb+fk2qmQ3iqsi258l/Q2MWHJMImAcNpZ8DEdYAK72NHoIQ9Eg==",
      "dependencies": {
        "browser-stdout": "1.3.0",
        "commander": "2.9.0",
        "debug": "2.6.8",
        "diff": "3.2.0",
        "escape-string-regexp": "1.0.5",
        "glob": "7.1.1",
        "growl": "1.9.2",
        "he": "1.1.1",
        "json3": "3.3.2",
        "lodash.create": "3.1.1",
        "mkdirp": "0.5.1",
        "supports-color": "3.1.2"
      },
      "bin": {
        "_mocha": "bin/_mocha",
        "mocha": "bin/mocha"
      },
      "engines": {
        "node": ">= 0.10.x",
        "npm": ">= 1.4.x"
      }
    },
    "node_modules/mocha/node_modules/debug": {
      "version": "2.6.8",
      "resolved": "https://registry.npmjs.org/debug/-/debug-2.6.8.tgz",
      "integrity": "sha512-E22fsyWPt/lr4/UgQLt/pXqerGMDsanhbnmqIS3VAXuDi1v3IpiwXe2oncEIondHSBuPDWRoK/pMjlvi8FuOXQ==",
      "dependencies": {
        "ms": "2.0.0"
      }
    },
    "node_modules/mocha/node_modules/ms": {
      "version": "2.0.0",
      "resolved": "https://registry.npmjs.org/ms/-/ms-2.0.0.tgz",
      "integrity": "sha512-Tpp60P6IUJDTuOq/5Z8cdskzJujfwqfOTkrwIwj7IRISpnkJnT6SyJ4PCPnGMoFjC9ddhal5KVIYtAt97ix05A=="
    },
    "node_modules/mongodb": {
      "version": "5.3.0",
      "resolved": "https://registry.npmjs.org/mongodb/-/mongodb-5.3.0.tgz",
      "integrity": "sha512-Wy/sbahguL8c3TXQWXmuBabiLD+iVmz+tOgQf+FwkCjhUIorqbAxRbbz00g4ZoN4sXIPwpAlTANMaGRjGGTikQ==",
      "dependencies": {
        "bson": "^5.2.0",
        "mongodb-connection-string-url": "^2.6.0",
        "socks": "^2.7.1"
      },
      "engines": {
        "node": ">=14.20.1"
      },
      "optionalDependencies": {
        "saslprep": "^1.0.3"
      },
      "peerDependencies": {
        "@aws-sdk/credential-providers": "^3.201.0",
        "mongodb-client-encryption": ">=2.3.0 <3",
        "snappy": "^7.2.2"
      },
      "peerDependenciesMeta": {
        "@aws-sdk/credential-providers": {
          "optional": true
        },
        "mongodb-client-encryption": {
          "optional": true
        },
        "snappy": {
          "optional": true
        }
      }
    },
    "node_modules/mongodb-connection-string-url": {
      "version": "2.6.0",
      "resolved": "https://registry.npmjs.org/mongodb-connection-string-url/-/mongodb-connection-string-url-2.6.0.tgz",
      "integrity": "sha512-WvTZlI9ab0QYtTYnuMLgobULWhokRjtC7db9LtcVfJ+Hsnyr5eo6ZtNAt3Ly24XZScGMelOcGtm7lSn0332tPQ==",
      "dependencies": {
        "@types/whatwg-url": "^8.2.1",
        "whatwg-url": "^11.0.0"
      }
    },
    "node_modules/mongoose": {
      "version": "7.0.4",
      "resolved": "https://registry.npmjs.org/mongoose/-/mongoose-7.0.4.tgz",
      "integrity": "sha512-MEmQOOqQUvW1PJcji64NtA2EFGHrEvk9o4g//isVYSJW2+8Y8u49C2qFBKzn1t6/l9onQn012o/PcFqR6ixQpQ==",
      "dependencies": {
        "bson": "^5.0.1",
        "kareem": "2.5.1",
        "mongodb": "5.1.0",
        "mpath": "0.9.0",
        "mquery": "5.0.0",
        "ms": "2.1.3",
        "sift": "16.0.1"
      },
      "engines": {
        "node": ">=14.0.0"
      },
      "funding": {
        "type": "opencollective",
        "url": "https://opencollective.com/mongoose"
      }
    },
    "node_modules/mongoose/node_modules/mongodb": {
      "version": "5.1.0",
      "resolved": "https://registry.npmjs.org/mongodb/-/mongodb-5.1.0.tgz",
      "integrity": "sha512-qgKb7y+EI90y4weY3z5+lIgm8wmexbonz0GalHkSElQXVKtRuwqXuhXKccyvIjXCJVy9qPV82zsinY0W1FBnJw==",
      "dependencies": {
        "bson": "^5.0.1",
        "mongodb-connection-string-url": "^2.6.0",
        "socks": "^2.7.1"
      },
      "engines": {
        "node": ">=14.20.1"
      },
      "optionalDependencies": {
        "saslprep": "^1.0.3"
      },
      "peerDependencies": {
        "@aws-sdk/credential-providers": "^3.201.0",
        "mongodb-client-encryption": "^2.3.0",
        "snappy": "^7.2.2"
      },
      "peerDependenciesMeta": {
        "@aws-sdk/credential-providers": {
          "optional": true
        },
        "mongodb-client-encryption": {
          "optional": true
        },
        "snappy": {
          "optional": true
        }
      }
    },
    "node_modules/mpath": {
      "version": "0.9.0",
      "resolved": "https://registry.npmjs.org/mpath/-/mpath-0.9.0.tgz",
      "integrity": "sha512-ikJRQTk8hw5DEoFVxHG1Gn9T/xcjtdnOKIU1JTmGjZZlg9LST2mBLmcX3/ICIbgJydT2GOc15RnNy5mHmzfSew==",
      "engines": {
        "node": ">=4.0.0"
      }
    },
    "node_modules/mquery": {
      "version": "5.0.0",
      "resolved": "https://registry.npmjs.org/mquery/-/mquery-5.0.0.tgz",
      "integrity": "sha512-iQMncpmEK8R8ncT8HJGsGc9Dsp8xcgYMVSbs5jgnm1lFHTZqMJTUWTDx1LBO8+mK3tPNZWFLBghQEIOULSTHZg==",
      "dependencies": {
        "debug": "4.x"
      },
      "engines": {
        "node": ">=14.0.0"
      }
    },
    "node_modules/ms": {
      "version": "2.1.3",
      "resolved": "https://registry.npmjs.org/ms/-/ms-2.1.3.tgz",
      "integrity": "sha512-6FlzubTLZG3J2a/NVCAleEhjzq5oxgHyaCU9yYXvcLsvoVaHJq/s5xXI6/XXP6tz7R9xAOtHnSO/tXtF3WRTlA=="
    },
    "node_modules/once": {
      "version": "1.4.0",
      "resolved": "https://registry.npmjs.org/once/-/once-1.4.0.tgz",
      "integrity": "sha512-lNaJgI+2Q5URQBkccEKHTQOPaXdUxnZZElQTZY0MFUAuaEqe1E+Nyvgdz/aIyNi6Z9MzO5dv1H8n58/GELp3+w==",
      "dependencies": {
        "wrappy": "1"
      }
    },
    "node_modules/path-is-absolute": {
      "version": "1.0.1",
      "resolved": "https://registry.npmjs.org/path-is-absolute/-/path-is-absolute-1.0.1.tgz",
      "integrity": "sha512-AVbw3UJ2e9bq64vSaS9Am0fje1Pa8pbGqTTsmXfaIiMpnr5DlDhfJOuLj9Sf95ZPVDAUerDfEk88MPmPe7UCQg==",
      "engines": {
        "node": ">=0.10.0"
      }
    },
    "node_modules/punycode": {
      "version": "2.3.0",
      "resolved": "https://registry.npmjs.org/punycode/-/punycode-2.3.0.tgz",
      "integrity": "sha512-rRV+zQD8tVFys26lAGR9WUuS4iUAngJScM+ZRSKtvl5tKeZ2t5bvdNFdNHBW9FWR4guGHlgmsZ1G7BSm2wTbuA==",
      "engines": {
        "node": ">=6"
      }
    },
    "node_modules/rnameg": {
      "version": "1.0.3",
      "resolved": "https://registry.npmjs.org/rnameg/-/rnameg-1.0.3.tgz",
      "integrity": "sha512-a98akUQfzblxSY7QhnXDB/+xD3sfgK6TzodZqXev1fjLkD4rsO9KNG31ykAzfb0p/S3qLWAz/Lzc4MyH8ltFlw==",
      "dependencies": {
        "chai": "^3.5.0",
        "mocha": "^3.2.0"
      }
    },
    "node_modules/saslprep": {
      "version": "1.0.3",
      "resolved": "https://registry.npmjs.org/saslprep/-/saslprep-1.0.3.tgz",
      "integrity": "sha512-/MY/PEMbk2SuY5sScONwhUDsV2p77Znkb/q3nSVstq/yQzYJOH/Azh29p9oJLsl3LnQwSvZDKagDGBsBwSooag==",
      "optional": true,
      "dependencies": {
        "sparse-bitfield": "^3.0.3"
      },
      "engines": {
        "node": ">=6"
      }
    },
    "node_modules/sift": {
      "version": "16.0.1",
      "resolved": "https://registry.npmjs.org/sift/-/sift-16.0.1.tgz",
      "integrity": "sha512-Wv6BjQ5zbhW7VFefWusVP33T/EM0vYikCaQ2qR8yULbsilAT8/wQaXvuQ3ptGLpoKx+lihJE3y2UTgKDyyNHZQ=="
    },
    "node_modules/smart-buffer": {
      "version": "4.2.0",
      "resolved": "https://registry.npmjs.org/smart-buffer/-/smart-buffer-4.2.0.tgz",
      "integrity": "sha512-94hK0Hh8rPqQl2xXc3HsaBoOXKV20MToPkcXvwbISWLEs+64sBq5kFgn2kJDHb1Pry9yrP0dxrCI9RRci7RXKg==",
      "engines": {
        "node": ">= 6.0.0",
        "npm": ">= 3.0.0"
      }
    },
    "node_modules/socks": {
      "version": "2.7.1",
      "resolved": "https://registry.npmjs.org/socks/-/socks-2.7.1.tgz",
      "integrity": "sha512-7maUZy1N7uo6+WVEX6psASxtNlKaNVMlGQKkG/63nEDdLOWNbiUMoLK7X4uYoLhQstau72mLgfEWcXcwsaHbYQ==",
      "dependencies": {
        "ip": "^2.0.0",
        "smart-buffer": "^4.2.0"
      },
      "engines": {
        "node": ">= 10.13.0",
        "npm": ">= 3.0.0"
      }
    },
    "node_modules/sparse-bitfield": {
      "version": "3.0.3",
      "resolved": "https://registry.npmjs.org/sparse-bitfield/-/sparse-bitfield-3.0.3.tgz",
      "integrity": "sha512-kvzhi7vqKTfkh0PZU+2D2PIllw2ymqJKujUcyPMd9Y75Nv4nPbGJZXNhxsgdQab2BmlDct1YnfQCguEvHr7VsQ==",
      "optional": true,
      "dependencies": {
        "memory-pager": "^1.0.2"
      }
    },
    "node_modules/supports-color": {
      "version": "3.1.2",
      "resolved": "https://registry.npmjs.org/supports-color/-/supports-color-3.1.2.tgz",
      "integrity": "sha512-F8dvPrZJtNzvDRX26eNXT4a7AecAvTGljmmnI39xEgSpbHKhQ7N0dO/NTxUExd0wuLHp4zbwYY7lvHq0aKpwrA==",
      "dependencies": {
        "has-flag": "^1.0.0"
      },
      "engines": {
        "node": ">=0.8.0"
      }
    },
    "node_modules/tr46": {
      "version": "3.0.0",
      "resolved": "https://registry.npmjs.org/tr46/-/tr46-3.0.0.tgz",
      "integrity": "sha512-l7FvfAHlcmulp8kr+flpQZmVwtu7nfRV7NZujtN0OqES8EL4O4e0qqzL0DC5gAvx/ZC/9lk6rhcUwYvkBnBnYA==",
      "dependencies": {
        "punycode": "^2.1.1"
      },
      "engines": {
        "node": ">=12"
      }
    },
    "node_modules/type-detect": {
      "version": "1.0.0",
      "resolved": "https://registry.npmjs.org/type-detect/-/type-detect-1.0.0.tgz",
      "integrity": "sha512-f9Uv6ezcpvCQjJU0Zqbg+65qdcszv3qUQsZfjdRbWiZ7AMenrX1u0lNk9EoWWX6e1F+NULyg27mtdeZ5WhpljA==",
      "engines": {
        "node": "*"
      }
    },
    "node_modules/webidl-conversions": {
      "version": "7.0.0",
      "resolved": "https://registry.npmjs.org/webidl-conversions/-/webidl-conversions-7.0.0.tgz",
      "integrity": "sha512-VwddBukDzu71offAQR975unBIGqfKZpM+8ZX6ySk8nYhVoo5CYaZyzt3YBvYtRtO+aoGlqxPg/B87NGVZ/fu6g==",
      "engines": {
        "node": ">=12"
      }
    },
    "node_modules/whatwg-url": {
      "version": "11.0.0",
      "resolved": "https://registry.npmjs.org/whatwg-url/-/whatwg-url-11.0.0.tgz",
      "integrity": "sha512-RKT8HExMpoYx4igMiVMY83lN6UeITKJlBQ+vR/8ZJ8OCdSiN3RwCq+9gH0+Xzj0+5IrM6i4j/6LuvzbZIQgEcQ==",
      "dependencies": {
        "tr46": "^3.0.0",
        "webidl-conversions": "^7.0.0"
      },
      "engines": {
        "node": ">=12"
      }
    },
    "node_modules/wrappy": {
      "version": "1.0.2",
      "resolved": "https://registry.npmjs.org/wrappy/-/wrappy-1.0.2.tgz",
      "integrity": "sha512-l4Sp/DRseor9wL6EvV2+TuQn63dMkPjZ/sp9XkghTEbV9KlPS1xUsZ3u7/IQO4wxtcFB4bgpQPRcR3QCvezPcQ=="
    }
  }
}
